
Microsoft Visual Studio Solution File, Format Version 12.00
# Visual Studio 15
VisualStudioVersion = 15.0.27703.2000
MinimumVisualStudioVersion = 10.0.40219.1
Project("{9A19103F-16F7-4668-BE54-9A1E7A4F7556}") = "BudgetPlanner.Data", "BudgetPlanner.Data\BudgetPlanner.Data.csproj", "{AC2A066F-9B0D-47E6-8F59-400975C6A7EF}"
EndProject
Project("{9A19103F-16F7-4668-BE54-9A1E7A4F7556}") = "BudgetPlanner.Domain", "BudgetPlanner.Domain\BudgetPlanner.Domain.csproj", "{B2586179-3CC0-4A6F-A61D-4A92AE4C9808}"
EndProject
Project("{9A19103F-16F7-4668-BE54-9A1E7A4F7556}") = "BudgetPlanner.WebApp", "..\WebApplication1\WebApplication1\BudgetPlanner.WebApp.csproj", "{02BB5B7D-328C-4B8D-A82E-F25BE48E5341}"
EndProject
Project("{2150E333-8FDC-42A3-9474-1A3956D46DE8}") = "tests", "tests", "{5BB02D53-6A1B-42E3-B1E6-086612D79892}"
EndProject
Project("{FAE04EC0-301F-11D3-BF4B-00C04F79EFBC}") = "BudgetPlanner.XUnitTest", "tests\BudgetPlanner.XUnitTest\BudgetPlanner.XUnitTest.csproj", "{8D5400E9-92F2-4F6C-B581-60A15F0BDF75}"
EndProject
Global
	GlobalSection(SolutionConfigurationPlatforms) = preSolution
		Debug|Any CPU = Debug|Any CPU
		Release|Any CPU = Release|Any CPU
	EndGlobalSection
	GlobalSection(ProjectConfigurationPlatforms) = postSolution
		{AC2A066F-9B0D-47E6-8F59-400975C6A7EF}.Debug|Any CPU.ActiveCfg = Debug|Any CPU
		{AC2A066F-9B0D-47E6-8F59-400975C6A7EF}.Debug|Any CPU.Build.0 = Debug|Any CPU
		{AC2A066F-9B0D-47E6-8F59-400975C6A7EF}.Release|Any CPU.ActiveCfg = Release|Any CPU
		{AC2A066F-9B0D-47E6-8F59-400975C6A7EF}.Release|Any CPU.Build.0 = Release|Any CPU
		{B2586179-3CC0-4A6F-A61D-4A92AE4C9808}.Debug|Any CPU.ActiveCfg = Debug|Any CPU
		{B2586179-3CC0-4A6F-A61D-4A92AE4C9808}.Debug|Any CPU.Build.0 = Debug|Any CPU
		{B2586179-3CC0-4A6F-A61D-4A92AE4C9808}.Release|Any CPU.ActiveCfg = Release|Any CPU
		{B2586179-3CC0-4A6F-A61D-4A92AE4C9808}.Release|Any CPU.Build.0 = Release|Any CPU
		{02BB5B7D-328C-4B8D-A82E-F25BE48E5341}.Debug|Any CPU.ActiveCfg = Debug|Any CPU
		{02BB5B7D-328C-4B8D-A82E-F25BE48E5341}.Debug|Any CPU.Build.0 = Debug|Any CPU
		{02BB5B7D-328C-4B8D-A82E-F25BE48E5341}.Release|Any CPU.ActiveCfg = Release|Any CPU
		{02BB5B7D-328C-4B8D-A82E-F25BE48E5341}.Release|Any CPU.Build.0 = Release|Any CPU
		{8D5400E9-92F2-4F6C-B581-60A15F0BDF75}.Debug|Any CPU.ActiveCfg = Debug|Any CPU
		{8D5400E9-92F2-4F6C-B581-60A15F0BDF75}.Debug|Any CPU.Build.0 = Debug|Any CPU
		{8D5400E9-92F2-4F6C-B581-60A15F0BDF75}.Release|Any CPU.ActiveCfg = Release|Any CPU
		{8D5400E9-92F2-4F6C-B581-60A15F0BDF75}.Release|Any CPU.Build.0 = Release|Any CPU
	EndGlobalSection
	GlobalSection(SolutionProperties) = preSolution
		HideSolutionNode = FALSE
	EndGlobalSection
	GlobalSection(NestedProjects) = preSolution
		{8D5400E9-92F2-4F6C-B581-60A15F0BDF75} = {5BB02D53-6A1B-42E3-B1E6-086612D79892}
	EndGlobalSection
	GlobalSection(ExtensibilityGlobals) = postSolution
		SolutionGuid = {D4F1534E-C624-49BE-8EA0-F8286F0B0CEE}
	EndGlobalSection
EndGlobal
